
Microsoft Visual Studio Solution File, Format Version 12.00
# Visual Studio 15
VisualStudioVersion = 15.0.26430.16
MinimumVisualStudioVersion = 10.0.40219.1
Project("{FAE04EC0-301F-11D3-BF4B-00C04F79EFBC}") = "Message", "Message\Message.csproj", "{8C2E9FF5-4050-4450-B21F-74F558481118}"
EndProject
Project("{FAE04EC0-301F-11D3-BF4B-00C04F79EFBC}") = "Packager", "Packager\Packager.csproj", "{171023A4-B992-40F0-8BC9-BE08C25F2EEB}"
EndProject
Project("{FAE04EC0-301F-11D3-BF4B-00C04F79EFBC}") = "Packager.Test", "HaffmanCoder.Test\Packager.Test.csproj", "{AD5E7BDE-609B-4C1C-82D7-017D75DEA441}"
EndProject
Project("{FAE04EC0-301F-11D3-BF4B-00C04F79EFBC}") = "ASPWithoutWAPI", "..\..\..\..\Documents\Visual Studio 2017\Projects\ASPNetTest\ASPWithoutWAPI\ASPWithoutWAPI.csproj", "{DBA30BED-4E95-4F3C-897D-12248DAEF945}"
EndProject
Global
	GlobalSection(SolutionConfigurationPlatforms) = preSolution
		Debug|Any CPU = Debug|Any CPU
		Release|Any CPU = Release|Any CPU
	EndGlobalSection
	GlobalSection(ProjectConfigurationPlatforms) = postSolution
		{8C2E9FF5-4050-4450-B21F-74F558481118}.Debug|Any CPU.ActiveCfg = Debug|Any CPU
		{8C2E9FF5-4050-4450-B21F-74F558481118}.Debug|Any CPU.Build.0 = Debug|Any CPU
		{8C2E9FF5-4050-4450-B21F-74F558481118}.Release|Any CPU.ActiveCfg = Release|Any CPU
		{8C2E9FF5-4050-4450-B21F-74F558481118}.Release|Any CPU.Build.0 = Release|Any CPU
		{171023A4-B992-40F0-8BC9-BE08C25F2EEB}.Debug|Any CPU.ActiveCfg = Debug|Any CPU
		{171023A4-B992-40F0-8BC9-BE08C25F2EEB}.Debug|Any CPU.Build.0 = Debug|Any CPU
		{171023A4-B992-40F0-8BC9-BE08C25F2EEB}.Release|Any CPU.ActiveCfg = Release|Any CPU
		{171023A4-B992-40F0-8BC9-BE08C25F2EEB}.Release|Any CPU.Build.0 = Release|Any CPU
		{AD5E7BDE-609B-4C1C-82D7-017D75DEA441}.Debug|Any CPU.ActiveCfg = Debug|Any CPU
		{AD5E7BDE-609B-4C1C-82D7-017D75DEA441}.Debug|Any CPU.Build.0 = Debug|Any CPU
		{AD5E7BDE-609B-4C1C-82D7-017D75DEA441}.Release|Any CPU.ActiveCfg = Release|Any CPU
		{AD5E7BDE-609B-4C1C-82D7-017D75DEA441}.Release|Any CPU.Build.0 = Release|Any CPU
		{DBA30BED-4E95-4F3C-897D-12248DAEF945}.Debug|Any CPU.ActiveCfg = Debug|Any CPU
		{DBA30BED-4E95-4F3C-897D-12248DAEF945}.Debug|Any CPU.Build.0 = Debug|Any CPU
		{DBA30BED-4E95-4F3C-897D-12248DAEF945}.Release|Any CPU.ActiveCfg = Release|Any CPU
		{DBA30BED-4E95-4F3C-897D-12248DAEF945}.Release|Any CPU.Build.0 = Release|Any CPU
	EndGlobalSection
	GlobalSection(SolutionProperties) = preSolution
		HideSolutionNode = FALSE
	EndGlobalSection
EndGlobal
